
Microsoft Visual Studio Solution File, Format Version 12.00
# Visual Studio Version 17
VisualStudioVersion = 17.14.36623.8 d17.14
MinimumVisualStudioVersion = 10.0.40219.1
Project("{FAE04EC0-301F-11D3-BF4B-00C04F79EFBC}") = "KalaSmriti", "KalaSmriti\KalaSmriti.csproj", "{4BEDF7B3-65E1-4855-915A-8BDF3A699FB3}"
EndProject
Global
	GlobalSection(SolutionConfigurationPlatforms) = preSolution
		Debug|Any CPU = Debug|Any CPU
		Release|Any CPU = Release|Any CPU
	EndGlobalSection
	GlobalSection(ProjectConfigurationPlatforms) = postSolution
		{4BEDF7B3-65E1-4855-915A-8BDF3A699FB3}.Debug|Any CPU.ActiveCfg = Debug|Any CPU
		{4BEDF7B3-65E1-4855-915A-8BDF3A699FB3}.Debug|Any CPU.Build.0 = Debug|Any CPU
		{4BEDF7B3-65E1-4855-915A-8BDF3A699FB3}.Release|Any CPU.ActiveCfg = Release|Any CPU
		{4BEDF7B3-65E1-4855-915A-8BDF3A699FB3}.Release|Any CPU.Build.0 = Release|Any CPU
	EndGlobalSection
	GlobalSection(SolutionProperties) = preSolution
		HideSolutionNode = FALSE
	EndGlobalSection
	GlobalSection(ExtensibilityGlobals) = postSolution
		SolutionGuid = {1055C5B6-D325-43E8-A3CA-15B159A46A77}
	EndGlobalSection
EndGlobal

